
Microsoft Visual Studio Solution File, Format Version 12.00
# Visual Studio for Mac
Project("{FAE04EC0-301F-11D3-BF4B-00C04F79EFBC}") = "Assembly-CSharp", "Assembly-CSharp.csproj", "{E611D7B7-10FA-B66F-89BF-55ED519EA749}"
EndProject
Project("{FAE04EC0-301F-11D3-BF4B-00C04F79EFBC}") = "Assembly-CSharp-Editor", "Assembly-CSharp-Editor.csproj", "{AC733BA8-169D-6918-8961-AF2E6E17219A}"
EndProject
Global
	GlobalSection(SolutionConfigurationPlatforms) = preSolution
		Debug|Any CPU = Debug|Any CPU
		Release|Any CPU = Release|Any CPU
	EndGlobalSection
	GlobalSection(ProjectConfigurationPlatforms) = postSolution
		{E611D7B7-10FA-B66F-89BF-55ED519EA749}.Debug|Any CPU.ActiveCfg = Debug|Any CPU
		{E611D7B7-10FA-B66F-89BF-55ED519EA749}.Debug|Any CPU.Build.0 = Debug|Any CPU
		{E611D7B7-10FA-B66F-89BF-55ED519EA749}.Release|Any CPU.ActiveCfg = Release|Any CPU
		{E611D7B7-10FA-B66F-89BF-55ED519EA749}.Release|Any CPU.Build.0 = Release|Any CPU
		{AC733BA8-169D-6918-8961-AF2E6E17219A}.Debug|Any CPU.ActiveCfg = Debug|Any CPU
		{AC733BA8-169D-6918-8961-AF2E6E17219A}.Debug|Any CPU.Build.0 = Debug|Any CPU
		{AC733BA8-169D-6918-8961-AF2E6E17219A}.Release|Any CPU.ActiveCfg = Release|Any CPU
		{AC733BA8-169D-6918-8961-AF2E6E17219A}.Release|Any CPU.Build.0 = Release|Any CPU
	EndGlobalSection
	GlobalSection(SolutionProperties) = preSolution
		HideSolutionNode = FALSE
	EndGlobalSection
EndGlobal
